
Microsoft Visual Studio Solution File, Format Version 12.00
# Visual Studio Version 17
VisualStudioVersion = 17.3.32929.385
MinimumVisualStudioVersion = 10.0.40219.1
Project("{FAE04EC0-301F-11D3-BF4B-00C04F79EFBC}") = "FizzBuzz_MVC", "FizzBuzz_MVC\FizzBuzz_MVC.csproj", "{71A42D18-EBA7-4673-87C9-969908CFE1EC}"
EndProject
Global
	GlobalSection(SolutionConfigurationPlatforms) = preSolution
		Debug|Any CPU = Debug|Any CPU
		Release|Any CPU = Release|Any CPU
	EndGlobalSection
	GlobalSection(ProjectConfigurationPlatforms) = postSolution
		{71A42D18-EBA7-4673-87C9-969908CFE1EC}.Debug|Any CPU.ActiveCfg = Debug|Any CPU
		{71A42D18-EBA7-4673-87C9-969908CFE1EC}.Debug|Any CPU.Build.0 = Debug|Any CPU
		{71A42D18-EBA7-4673-87C9-969908CFE1EC}.Release|Any CPU.ActiveCfg = Release|Any CPU
		{71A42D18-EBA7-4673-87C9-969908CFE1EC}.Release|Any CPU.Build.0 = Release|Any CPU
	EndGlobalSection
	GlobalSection(SolutionProperties) = preSolution
		HideSolutionNode = FALSE
	EndGlobalSection
	GlobalSection(ExtensibilityGlobals) = postSolution
		SolutionGuid = {544DEE9F-3405-4BAB-AD67-61367D6AD5BB}
	EndGlobalSection
EndGlobal
